
Microsoft Visual Studio Solution File, Format Version 12.00
# Visual Studio Version 16
VisualStudioVersion = 16.0.29709.97
MinimumVisualStudioVersion = 10.0.40219.1
Project("{FAE04EC0-301F-11D3-BF4B-00C04F79EFBC}") = "WebAppHowTo", "WebAppHowTo\WebAppHowTo.csproj", "{405B317A-93C9-4020-9442-A3BBEFD125AE}"
EndProject
Project("{FAE04EC0-301F-11D3-BF4B-00C04F79EFBC}") = "WebAppHowTo.Pages", "WebAppHowTo.Pages\WebAppHowTo.Pages.csproj", "{72FF8456-4AA1-4352-A41B-797A672B8C31}"
EndProject
Project("{FAE04EC0-301F-11D3-BF4B-00C04F79EFBC}") = "WebAppHowTo.Data", "WebAppHowTo.Data\WebAppHowTo.Data.csproj", "{C0A116A2-6794-4C03-B931-C3703405FFFD}"
EndProject
Project("{FAE04EC0-301F-11D3-BF4B-00C04F79EFBC}") = "WebAppHowTo.Core", "WebAppHowTo.Core\WebAppHowTo.Core.csproj", "{684DB861-68DD-4F68-AF82-D0EB9C6BAA8C}"
EndProject
Global
	GlobalSection(SolutionConfigurationPlatforms) = preSolution
		Debug|Any CPU = Debug|Any CPU
		Release|Any CPU = Release|Any CPU
	EndGlobalSection
	GlobalSection(ProjectConfigurationPlatforms) = postSolution
		{405B317A-93C9-4020-9442-A3BBEFD125AE}.Debug|Any CPU.ActiveCfg = Debug|Any CPU
		{405B317A-93C9-4020-9442-A3BBEFD125AE}.Debug|Any CPU.Build.0 = Debug|Any CPU
		{405B317A-93C9-4020-9442-A3BBEFD125AE}.Release|Any CPU.ActiveCfg = Release|Any CPU
		{405B317A-93C9-4020-9442-A3BBEFD125AE}.Release|Any CPU.Build.0 = Release|Any CPU
		{72FF8456-4AA1-4352-A41B-797A672B8C31}.Debug|Any CPU.ActiveCfg = Debug|Any CPU
		{72FF8456-4AA1-4352-A41B-797A672B8C31}.Debug|Any CPU.Build.0 = Debug|Any CPU
		{72FF8456-4AA1-4352-A41B-797A672B8C31}.Release|Any CPU.ActiveCfg = Release|Any CPU
		{72FF8456-4AA1-4352-A41B-797A672B8C31}.Release|Any CPU.Build.0 = Release|Any CPU
		{C0A116A2-6794-4C03-B931-C3703405FFFD}.Debug|Any CPU.ActiveCfg = Debug|Any CPU
		{C0A116A2-6794-4C03-B931-C3703405FFFD}.Debug|Any CPU.Build.0 = Debug|Any CPU
		{C0A116A2-6794-4C03-B931-C3703405FFFD}.Release|Any CPU.ActiveCfg = Release|Any CPU
		{C0A116A2-6794-4C03-B931-C3703405FFFD}.Release|Any CPU.Build.0 = Release|Any CPU
		{684DB861-68DD-4F68-AF82-D0EB9C6BAA8C}.Debug|Any CPU.ActiveCfg = Debug|Any CPU
		{684DB861-68DD-4F68-AF82-D0EB9C6BAA8C}.Debug|Any CPU.Build.0 = Debug|Any CPU
		{684DB861-68DD-4F68-AF82-D0EB9C6BAA8C}.Release|Any CPU.ActiveCfg = Release|Any CPU
		{684DB861-68DD-4F68-AF82-D0EB9C6BAA8C}.Release|Any CPU.Build.0 = Release|Any CPU
	EndGlobalSection
	GlobalSection(SolutionProperties) = preSolution
		HideSolutionNode = FALSE
	EndGlobalSection
	GlobalSection(ExtensibilityGlobals) = postSolution
		SolutionGuid = {B231374A-9939-4A91-9466-F70ECCD677BA}
	EndGlobalSection
EndGlobal
